
Microsoft Visual Studio Solution File, Format Version 12.00
# Visual Studio 15
VisualStudioVersion = 15.0.28307.572
MinimumVisualStudioVersion = 10.0.40219.1
Project("{FAE04EC0-301F-11D3-BF4B-00C04F79EFBC}") = "RobotRaconteurBridgeTest", "RobotRaconteurBridgeTest\RobotRaconteurBridgeTest.csproj", "{58D9802B-F3A9-4ABB-A35C-0BD5B3CAB9E7}"
EndProject
Project("{D954291E-2A0B-460D-934E-DC6B0785DB48}") = "RobotRaconteurWebSharedSource", "RobotRaconteurWebSharedSource\RobotRaconteurWebSharedSource.shproj", "{9648C599-747E-4BEA-8AF3-D24A07DF8E22}"
EndProject
Project("{D954291E-2A0B-460D-934E-DC6B0785DB48}") = "RobotRaconteurWebTestSharedSource", "RobotRaconteurWebTestSharedSource\RobotRaconteurWebTestSharedSource.shproj", "{06048487-1017-44A9-9C2A-49E45EB070A9}"
EndProject
Project("{FAE04EC0-301F-11D3-BF4B-00C04F79EFBC}") = "RobotRaconteurBridge", "RobotRaconteurBridge\RobotRaconteurBridge.csproj", "{88A2B69F-AF86-4DDA-A0A3-9A3C45D27BED}"
EndProject
Project("{9A19103F-16F7-4668-BE54-9A1E7A4F7556}") = "RobotRaconteurWeb", "RobotRaconteurWeb\RobotRaconteurWeb.csproj", "{36885650-CEE6-417D-871B-489B7F2493CA}"
EndProject
Project("{9A19103F-16F7-4668-BE54-9A1E7A4F7556}") = "RobotRaconteurWebTest", "RobotRaconteurWebTest\RobotRaconteurWebTest.csproj", "{2B321CEC-7AA3-437D-9340-19E8BD717BC0}"
EndProject
Project("{9A19103F-16F7-4668-BE54-9A1E7A4F7556}") = "RobotRaconteurWebASPTest", "RobotRaconteurWebASPTest\RobotRaconteurWebASPTest.csproj", "{FA3F5EB5-E868-4991-A62A-0E6F5FFAFCF2}"
EndProject
Project("{9A19103F-16F7-4668-BE54-9A1E7A4F7556}") = "RobotRaconteurWebGen", "RobotRaconteurWebGen\RobotRaconteurWebGen.csproj", "{09A49E6D-A7FC-45C9-A5C1-7BA6FF596C15}"
EndProject
Global
	GlobalSection(SharedMSBuildProjectFiles) = preSolution
		RobotRaconteurWebTestSharedSource\RobotRaconteurWebTestSharedSource.projitems*{06048487-1017-44a9-9c2a-49e45eb070a9}*SharedItemsImports = 13
		RobotRaconteurWebTestSharedSource\RobotRaconteurWebTestSharedSource.projitems*{58d9802b-f3a9-4abb-a35c-0bd5b3cab9e7}*SharedItemsImports = 4
		RobotRaconteurWebSharedSource\RobotRaconteurWebSharedSource.projitems*{88a2b69f-af86-4dda-a0a3-9a3c45d27bed}*SharedItemsImports = 4
		RobotRaconteurWebSharedSource\RobotRaconteurWebSharedSource.projitems*{9648c599-747e-4bea-8af3-d24a07df8e22}*SharedItemsImports = 13
	EndGlobalSection
	GlobalSection(SolutionConfigurationPlatforms) = preSolution
		Debug|Any CPU = Debug|Any CPU
		Release|Any CPU = Release|Any CPU
	EndGlobalSection
	GlobalSection(ProjectConfigurationPlatforms) = postSolution
		{58D9802B-F3A9-4ABB-A35C-0BD5B3CAB9E7}.Debug|Any CPU.ActiveCfg = Debug|Any CPU
		{58D9802B-F3A9-4ABB-A35C-0BD5B3CAB9E7}.Debug|Any CPU.Build.0 = Debug|Any CPU
		{58D9802B-F3A9-4ABB-A35C-0BD5B3CAB9E7}.Release|Any CPU.ActiveCfg = Release|Any CPU
		{58D9802B-F3A9-4ABB-A35C-0BD5B3CAB9E7}.Release|Any CPU.Build.0 = Release|Any CPU
		{88A2B69F-AF86-4DDA-A0A3-9A3C45D27BED}.Debug|Any CPU.ActiveCfg = Debug|Any CPU
		{88A2B69F-AF86-4DDA-A0A3-9A3C45D27BED}.Debug|Any CPU.Build.0 = Debug|Any CPU
		{88A2B69F-AF86-4DDA-A0A3-9A3C45D27BED}.Release|Any CPU.ActiveCfg = Release|Any CPU
		{88A2B69F-AF86-4DDA-A0A3-9A3C45D27BED}.Release|Any CPU.Build.0 = Release|Any CPU
		{36885650-CEE6-417D-871B-489B7F2493CA}.Debug|Any CPU.ActiveCfg = Debug|Any CPU
		{36885650-CEE6-417D-871B-489B7F2493CA}.Debug|Any CPU.Build.0 = Debug|Any CPU
		{36885650-CEE6-417D-871B-489B7F2493CA}.Release|Any CPU.ActiveCfg = Release|Any CPU
		{36885650-CEE6-417D-871B-489B7F2493CA}.Release|Any CPU.Build.0 = Release|Any CPU
		{2B321CEC-7AA3-437D-9340-19E8BD717BC0}.Debug|Any CPU.ActiveCfg = Debug|Any CPU
		{2B321CEC-7AA3-437D-9340-19E8BD717BC0}.Debug|Any CPU.Build.0 = Debug|Any CPU
		{2B321CEC-7AA3-437D-9340-19E8BD717BC0}.Release|Any CPU.ActiveCfg = Release|Any CPU
		{2B321CEC-7AA3-437D-9340-19E8BD717BC0}.Release|Any CPU.Build.0 = Release|Any CPU
		{FA3F5EB5-E868-4991-A62A-0E6F5FFAFCF2}.Debug|Any CPU.ActiveCfg = Debug|Any CPU
		{FA3F5EB5-E868-4991-A62A-0E6F5FFAFCF2}.Debug|Any CPU.Build.0 = Debug|Any CPU
		{FA3F5EB5-E868-4991-A62A-0E6F5FFAFCF2}.Release|Any CPU.ActiveCfg = Release|Any CPU
		{FA3F5EB5-E868-4991-A62A-0E6F5FFAFCF2}.Release|Any CPU.Build.0 = Release|Any CPU
		{09A49E6D-A7FC-45C9-A5C1-7BA6FF596C15}.Debug|Any CPU.ActiveCfg = Debug|Any CPU
		{09A49E6D-A7FC-45C9-A5C1-7BA6FF596C15}.Debug|Any CPU.Build.0 = Debug|Any CPU
		{09A49E6D-A7FC-45C9-A5C1-7BA6FF596C15}.Release|Any CPU.ActiveCfg = Release|Any CPU
		{09A49E6D-A7FC-45C9-A5C1-7BA6FF596C15}.Release|Any CPU.Build.0 = Release|Any CPU
	EndGlobalSection
	GlobalSection(SolutionProperties) = preSolution
		HideSolutionNode = FALSE
	EndGlobalSection
	GlobalSection(ExtensibilityGlobals) = postSolution
		SolutionGuid = {37BAFC8F-D42F-47D3-BEDD-155DE8FC1B5E}
	EndGlobalSection
EndGlobal
